
Microsoft Visual Studio Solution File, Format Version 12.00
# Visual Studio Version 17
VisualStudioVersion = 17.8.34330.188
MinimumVisualStudioVersion = 10.0.40219.1
Project("{FAE04EC0-301F-11D3-BF4B-00C04F79EFBC}") = "BarlangokCLI", "BarlangokCLI\BarlangokCLI.csproj", "{199B70E7-E4D8-451F-BC21-AEF69396B700}"
EndProject
Global
	GlobalSection(SolutionConfigurationPlatforms) = preSolution
		Debug|Any CPU = Debug|Any CPU
		Release|Any CPU = Release|Any CPU
	EndGlobalSection
	GlobalSection(ProjectConfigurationPlatforms) = postSolution
		{199B70E7-E4D8-451F-BC21-AEF69396B700}.Debug|Any CPU.ActiveCfg = Debug|Any CPU
		{199B70E7-E4D8-451F-BC21-AEF69396B700}.Debug|Any CPU.Build.0 = Debug|Any CPU
		{199B70E7-E4D8-451F-BC21-AEF69396B700}.Release|Any CPU.ActiveCfg = Release|Any CPU
		{199B70E7-E4D8-451F-BC21-AEF69396B700}.Release|Any CPU.Build.0 = Release|Any CPU
	EndGlobalSection
	GlobalSection(SolutionProperties) = preSolution
		HideSolutionNode = FALSE
	EndGlobalSection
	GlobalSection(ExtensibilityGlobals) = postSolution
		SolutionGuid = {D506CAB8-C41F-4681-B0AF-39BA8DD82255}
	EndGlobalSection
EndGlobal
